Microsoft Visual Studio Solution File, Format Version 11.00
# Visual Studio 2008

Project("{91DC3EE0-D192-5019-B49A-B897074C4C41}") = "taku project", "Assembly-CSharp.csproj", "{42A4E761-F721-0C66-F123-F717E0479EAA}"
EndProject
Project("{91DC3EE0-D192-5019-B49A-B897074C4C41}") = "taku project", "Assembly-CSharp-Editor.csproj", "{69514226-BB7F-922F-FD40-357DA7AF4D2F}"
EndProject
Global
	GlobalSection(SolutionConfigurationPlatforms) = preSolution
		Debug|Any CPU = Debug|Any CPU
		Release|Any CPU = Release|Any CPU
	EndGlobalSection
	GlobalSection(ProjectConfigurationPlatforms) = postSolution
		{42A4E761-F721-0C66-F123-F717E0479EAA}.Debug|Any CPU.ActiveCfg = Debug|Any CPU
		{42A4E761-F721-0C66-F123-F717E0479EAA}.Debug|Any CPU.Build.0 = Debug|Any CPU
		{42A4E761-F721-0C66-F123-F717E0479EAA}.Release|Any CPU.ActiveCfg = Release|Any CPU
		{42A4E761-F721-0C66-F123-F717E0479EAA}.Release|Any CPU.Build.0 = Release|Any CPU
		{69514226-BB7F-922F-FD40-357DA7AF4D2F}.Debug|Any CPU.ActiveCfg = Debug|Any CPU
		{69514226-BB7F-922F-FD40-357DA7AF4D2F}.Debug|Any CPU.Build.0 = Debug|Any CPU
		{69514226-BB7F-922F-FD40-357DA7AF4D2F}.Release|Any CPU.ActiveCfg = Release|Any CPU
		{69514226-BB7F-922F-FD40-357DA7AF4D2F}.Release|Any CPU.Build.0 = Release|Any CPU
	EndGlobalSection
	GlobalSection(SolutionProperties) = preSolution
		HideSolutionNode = FALSE
	EndGlobalSection
	GlobalSection(MonoDevelopProperties) = preSolution
		StartupItem = Assembly-CSharp.csproj
	EndGlobalSection
EndGlobal
